
Microsoft Visual Studio Solution File, Format Version 12.00
# Visual Studio Version 16
VisualStudioVersion = 16.0.30523.141
MinimumVisualStudioVersion = 10.0.40219.1
Project("{FAE04EC0-301F-11D3-BF4B-00C04F79EFBC}") = "NewsWeb", "NewsWeb\NewsWeb.csproj", "{BFD48743-194B-4ACA-BEC1-1A9A36A2F828}"
EndProject
Global
	GlobalSection(SolutionConfigurationPlatforms) = preSolution
		Debug|Any CPU = Debug|Any CPU
		Release|Any CPU = Release|Any CPU
	EndGlobalSection
	GlobalSection(ProjectConfigurationPlatforms) = postSolution
		{BFD48743-194B-4ACA-BEC1-1A9A36A2F828}.Debug|Any CPU.ActiveCfg = Debug|Any CPU
		{BFD48743-194B-4ACA-BEC1-1A9A36A2F828}.Debug|Any CPU.Build.0 = Debug|Any CPU
		{BFD48743-194B-4ACA-BEC1-1A9A36A2F828}.Release|Any CPU.ActiveCfg = Release|Any CPU
		{BFD48743-194B-4ACA-BEC1-1A9A36A2F828}.Release|Any CPU.Build.0 = Release|Any CPU
	EndGlobalSection
	GlobalSection(SolutionProperties) = preSolution
		HideSolutionNode = FALSE
	EndGlobalSection
	GlobalSection(ExtensibilityGlobals) = postSolution
		SolutionGuid = {49F96B30-866B-4E19-A7CE-B61EC9169270}
	EndGlobalSection
EndGlobal
